
Microsoft Visual Studio Solution File, Format Version 12.00
# Visual Studio Version 17
VisualStudioVersion = 17.0.31919.166
MinimumVisualStudioVersion = 10.0.40219.1
Project("{F184B08F-C81C-45F6-A57F-5ABD9991F28F}") = "vb_net_1_exercise_50_readingunknownvalue", "vb_net_1_exercise_50_readingunknownvalue.vbproj", "{510066B2-198D-477F-B654-FCDEE66B110A}"
EndProject
Global
	GlobalSection(SolutionConfigurationPlatforms) = preSolution
		Debug|Any CPU = Debug|Any CPU
		Release|Any CPU = Release|Any CPU
	EndGlobalSection
	GlobalSection(ProjectConfigurationPlatforms) = postSolution
		{510066B2-198D-477F-B654-FCDEE66B110A}.Debug|Any CPU.ActiveCfg = Debug|Any CPU
		{510066B2-198D-477F-B654-FCDEE66B110A}.Debug|Any CPU.Build.0 = Debug|Any CPU
		{510066B2-198D-477F-B654-FCDEE66B110A}.Release|Any CPU.ActiveCfg = Release|Any CPU
		{510066B2-198D-477F-B654-FCDEE66B110A}.Release|Any CPU.Build.0 = Release|Any CPU
	EndGlobalSection
	GlobalSection(SolutionProperties) = preSolution
		HideSolutionNode = FALSE
	EndGlobalSection
	GlobalSection(ExtensibilityGlobals) = postSolution
		SolutionGuid = {636FB8A8-D9AA-4DF6-BE1C-9BFA95770E57}
	EndGlobalSection
EndGlobal
